// !$*UTF8*$!
{
	archiveVersion = 1;
	classes = {
	};
	objectVersion = 50;
	objects = {

/* Begin PBXBuildFile section */
		D89BF43924EBD2D10031F58A /* main.cpp in Sources */ = {isa = PBXBuildFile; fileRef = D89BF43824EBD2D10031F58A /* main.cpp */; };
		D89BF44624EBDC740031F58A /* main.cpp in Sources */ = {isa = PBXBuildFile; fileRef = D89BF44524EBDC740031F58A /* main.cpp */; };
/* End PBXBuildFile section */

/* Begin PBXCopyFilesBuildPhase section */
		D89BF43324EBD2D10031F58A /* CopyFiles */ = {
			isa = PBXCopyFilesBuildPhase;
			buildActionMask = 2147483647;
			dstPath = /usr/share/man/man1/;
			dstSubfolderSpec = 0;
			files = (
			);
			runOnlyForDeploymentPostprocessing = 1;
		};
		D89BF44124EBDC740031F58A /* CopyFiles */ = {
			isa = PBXCopyFilesBuildPhase;
			buildActionMask = 2147483647;
			dstPath = /usr/share/man/man1/;
			dstSubfolderSpec = 0;
			files = (
			);
			runOnlyForDeploymentPostprocessing = 1;
		};
/* End PBXCopyFilesBuildPhase section */

/* Begin PBXFileReference section */
		D89BF43524EBD2D10031F58A /* Kalman Filters Implementation */ = {isa = PBXFileReference; explicitFileType = "compiled.mach-o.executable"; includeInIndex = 0; path = "Kalman Filters Implementation"; sourceTree = BUILT_PRODUCTS_DIR; };
		D89BF43824EBD2D10031F58A /* main.cpp */ = {isa = PBXFileReference; lastKnownFileType = sourcecode.cpp.cpp; path = main.cpp; sourceTree = "<group>"; };
		D89BF44324EBDC740031F58A /* 1D Kalman Filter */ = {isa = PBXFileReference; explicitFileType = "compiled.mach-o.executable"; includeInIndex = 0; path = "1D Kalman Filter"; sourceTree = BUILT_PRODUCTS_DIR; };
		D89BF44524EBDC740031F58A /* main.cpp */ = {isa = PBXFileReference; lastKnownFileType = sourcecode.cpp.cpp; path = main.cpp; sourceTree = "<group>"; };
/* End PBXFileReference section */

/* Begin PBXFrameworksBuildPhase section */
		D89BF43224EBD2D10031F58A /* Frameworks */ = {
			isa = PBXFrameworksBuildPhase;
			buildActionMask = 2147483647;
			files = (
			);
			runOnlyForDeploymentPostprocessing = 0;
		};
		D89BF44024EBDC740031F58A /* Frameworks */ = {
			isa = PBXFrameworksBuildPhase;
			buildActionMask = 2147483647;
			files = (
			);
			runOnlyForDeploymentPostprocessing = 0;
		};
/* End PBXFrameworksBuildPhase section */

/* Begin PBXGroup section */
		D89BF42C24EBD2D10031F58A = {
			isa = PBXGroup;
			children = (
				D89BF43724EBD2D10031F58A /* Kalman Filters Implementation */,
				D89BF44424EBDC740031F58A /* 1D Kalman Filter */,
				D89BF43624EBD2D10031F58A /* Products */,
			);
			sourceTree = "<group>";
		};
		D89BF43624EBD2D10031F58A /* Products */ = {
			isa = PBXGroup;
			children = (
				D89BF43524EBD2D10031F58A /* Kalman Filters Implementation */,
				D89BF44324EBDC740031F58A /* 1D Kalman Filter */,
			);
			name = Products;
			sourceTree = "<group>";
		};
		D89BF43724EBD2D10031F58A /* Kalman Filters Implementation */ = {
			isa = PBXGroup;
			children = (
				D89BF43824EBD2D10031F58A /* main.cpp */,
			);
			path = "Kalman Filters Implementation";
			sourceTree = "<group>";
		};
		D89BF44424EBDC740031F58A /* 1D Kalman Filter */ = {
			isa = PBXGroup;
			children = (
				D89BF44524EBDC740031F58A /* main.cpp */,
			);
			path = "1D Kalman Filter";
			sourceTree = "<group>";
		};
/* End PBXGroup section */

/* Begin PBXNativeTarget section */
		D89BF43424EBD2D10031F58A /* Kalman Filters Implementation */ = {
			isa = PBXNativeTarget;
			buildConfigurationList = D89BF43C24EBD2D10031F58A /* Build configuration list for PBXNativeTarget "Kalman Filters Implementation" */;
			buildPhases = (
				D89BF43124EBD2D10031F58A /* Sources */,
				D89BF43224EBD2D10031F58A /* Frameworks */,
				D89BF43324EBD2D10031F58A /* CopyFiles */,
			);
			buildRules = (
			);
			dependencies = (
			);
			name = "Kalman Filters Implementation";
			productName = "Kalman Filters Implementation";
			productReference = D89BF43524EBD2D10031F58A /* Kalman Filters Implementation */;
			productType = "com.apple.product-type.tool";
		};
		D89BF44224EBDC740031F58A /* 1D Kalman Filter */ = {
			isa = PBXNativeTarget;
			buildConfigurationList = D89BF44724EBDC740031F58A /* Build configuration list for PBXNativeTarget "1D Kalman Filter" */;
			buildPhases = (
				D89BF43F24EBDC740031F58A /* Sources */,
				D89BF44024EBDC740031F58A /* Frameworks */,
				D89BF44124EBDC740031F58A /* CopyFiles */,
			);
			buildRules = (
			);
			dependencies = (
			);
			name = "1D Kalman Filter";
			productName = "1D Kalman Filter";
			productReference = D89BF44324EBDC740031F58A /* 1D Kalman Filter */;
			productType = "com.apple.product-type.tool";
		};
/* End PBXNativeTarget section */

/* Begin PBXProject section */
		D89BF42D24EBD2D10031F58A /* Project object */ = {
			isa = PBXProject;
			attributes = {
				LastUpgradeCheck = 1160;
				ORGANIZATIONNAME = PavanKumar;
				TargetAttributes = {
					D89BF43424EBD2D10031F58A = {
						CreatedOnToolsVersion = 11.6;
					};
					D89BF44224EBDC740031F58A = {
						CreatedOnToolsVersion = 11.6;
					};
				};
			};
			buildConfigurationList = D89BF43024EBD2D10031F58A /* Build configuration list for PBXProject "Kalman Filters Implementation" */;
			compatibilityVersion = "Xcode 9.3";
			developmentRegion = en;
			hasScannedForEncodings = 0;
			knownRegions = (
				en,
				Base,
			);
			mainGroup = D89BF42C24EBD2D10031F58A;
			productRefGroup = D89BF43624EBD2D10031F58A /* Products */;
			projectDirPath = "";
			projectRoot = "";
			targets = (
				D89BF43424EBD2D10031F58A /* Kalman Filters Implementation */,
				D89BF44224EBDC740031F58A /* 1D Kalman Filter */,
			);
		};
/* End PBXProject section */

/* Begin PBXSourcesBuildPhase section */
		D89BF43124EBD2D10031F58A /* Sources */ = {
			isa = PBXSourcesBuildPhase;
			buildActionMask = 2147483647;
			files = (
				D89BF43924EBD2D10031F58A /* main.cpp in Sources */,
			);
			runOnlyForDeploymentPostprocessing = 0;
		};
		D89BF43F24EBDC740031F58A /* Sources */ = {
			isa = PBXSourcesBuildPhase;
			buildActionMask = 2147483647;
			files = (
				D89BF44624EBDC740031F58A /* main.cpp in Sources */,
			);
			runOnlyForDeploymentPostprocessing = 0;
		};
/* End PBXSourcesBuildPhase section */

/* Begin XCBuildConfiguration section */
		D89BF43A24EBD2D10031F58A /* Debug */ = {
			isa = XCBuildConfiguration;
			buildSettings = {
				ALWAYS_SEARCH_USER_PATHS = NO;
				CLANG_ANALYZER_NONNULL = YES;
				CLANG_ANALYZER_NUMBER_OBJECT_CONVERSION = YES_AGGRESSIVE;
				CLANG_CXX_LANGUAGE_STANDARD = "gnu++14";
				CLANG_CXX_LIBRARY = "libc++";
				CLANG_ENABLE_MODULES = YES;
				CLANG_ENABLE_OBJC_ARC = YES;
				CLANG_ENABLE_OBJC_WEAK = YES;
				CLANG_WARN_BLOCK_CAPTURE_AUTORELEASING = YES;
				CLANG_WARN_BOOL_CONVERSION = YES;
				CLANG_WARN_COMMA = YES;
				CLANG_WARN_CONSTANT_CONVERSION = YES;
				CLANG_WARN_DEPRECATED_OBJC_IMPLEMENTATIONS = YES;
				CLANG_WARN_DIRECT_OBJC_ISA_USAGE = YES_ERROR;
				CLANG_WARN_DOCUMENTATION_COMMENTS = YES;
				CLANG_WARN_EMPTY_BODY = YES;
				CLANG_WARN_ENUM_CONVERSION = YES;
				CLANG_WARN_INFINITE_RECURSION = YES;
				CLANG_WARN_INT_CONVERSION = YES;
				CLANG_WARN_NON_LITERAL_NULL_CONVERSION = YES;
				CLANG_WARN_OBJC_IMPLICIT_RETAIN_SELF = YES;
				CLANG_WARN_OBJC_LITERAL_CONVERSION = YES;
				CLANG_WARN_OBJC_ROOT_CLASS = YES_ERROR;
				CLANG_WARN_RANGE_LOOP_ANALYSIS = YES;
				CLANG_WARN_STRICT_PROTOTYPES = YES;
				CLANG_WARN_SUSPICIOUS_MOVE = YES;
				CLANG_WARN_UNGUARDED_AVAILABILITY = YES_AGGRESSIVE;
				CLANG_WARN_UNREACHABLE_CODE = YES;
				CLANG_WARN__DUPLICATE_METHOD_MATCH = YES;
				COPY_PHASE_STRIP = NO;
				DEBUG_INFORMATION_FORMAT = dwarf;
				ENABLE_STRICT_OBJC_MSGSEND = YES;
				ENABLE_TESTABILITY = YES;
				GCC_C_LANGUAGE_STANDARD = gnu11;
				GCC_DYNAMIC_NO_PIC = NO;
				GCC_NO_COMMON_BLOCKS = YES;
				GCC_OPTIMIZATION_LEVEL = 0;
				GCC_PREPROCESSOR_DEFINITIONS = (
					"DEBUG=1",
					"$(inherited)",
				);
				GCC_WARN_64_TO_32_BIT_CONVERSION = YES;
				GCC_WARN_ABOUT_RETURN_TYPE = YES_ERROR;
				GCC_WARN_UNDECLARED_SELECTOR = YES;
				GCC_WARN_UNINITIALIZED_AUTOS = YES_AGGRESSIVE;
				GCC_WARN_UNUSED_FUNCTION = YES;
				GCC_WARN_UNUSED_VARIABLE = YES;
				MACOSX_DEPLOYMENT_TARGET = 10.15;
				MTL_ENABLE_DEBUG_INFO = INCLUDE_SOURCE;
				MTL_FAST_MATH = YES;
				ONLY_ACTIVE_ARCH = YES;
				SDKROOT = macosx;
			};
			name = Debug;
		};
		D89BF43B24EBD2D10031F58A /* Release */ = {
			isa = XCBuildConfiguration;
			buildSettings = {
				ALWAYS_SEARCH_USER_PATHS = NO;
				CLANG_ANALYZER_NONNULL = YES;
				CLANG_ANALYZER_NUMBER_OBJECT_CONVERSION = YES_AGGRESSIVE;
				CLANG_CXX_LANGUAGE_STANDARD = "gnu++14";
				CLANG_CXX_LIBRARY = "libc++";
				CLANG_ENABLE_MODULES = YES;
				CLANG_ENABLE_OBJC_ARC = YES;
				CLANG_ENABLE_OBJC_WEAK = YES;
				CLANG_WARN_BLOCK_CAPTURE_AUTORELEASING = YES;
				CLANG_WARN_BOOL_CONVERSION = YES;
				CLANG_WARN_COMMA = YES;
				CLANG_WARN_CONSTANT_CONVERSION = YES;
				CLANG_WARN_DEPRECATED_OBJC_IMPLEMENTATIONS = YES;
				CLANG_WARN_DIRECT_OBJC_ISA_USAGE = YES_ERROR;
				CLANG_WARN_DOCUMENTATION_COMMENTS = YES;
				CLANG_WARN_EMPTY_BODY = YES;
				CLANG_WARN_ENUM_CONVERSION = YES;
				CLANG_WARN_INFINITE_RECURSION = YES;
				CLANG_WARN_INT_CONVERSION = YES;
				CLANG_WARN_NON_LITERAL_NULL_CONVERSION = YES;
				CLANG_WARN_OBJC_IMPLICIT_RETAIN_SELF = YES;
				CLANG_WARN_OBJC_LITERAL_CONVERSION = YES;
				CLANG_WARN_OBJC_ROOT_CLASS = YES_ERROR;
				CLANG_WARN_RANGE_LOOP_ANALYSIS = YES;
				CLANG_WARN_STRICT_PROTOTYPES = YES;
				CLANG_WARN_SUSPICIOUS_MOVE = YES;
				CLANG_WARN_UNGUARDED_AVAILABILITY = YES_AGGRESSIVE;
				CLANG_WARN_UNREACHABLE_CODE = YES;
				CLANG_WARN__DUPLICATE_METHOD_MATCH = YES;
				COPY_PHASE_STRIP = NO;
				DEBUG_INFORMATION_FORMAT = "dwarf-with-dsym";
				ENABLE_NS_ASSERTIONS = NO;
				ENABLE_STRICT_OBJC_MSGSEND = YES;
				GCC_C_LANGUAGE_STANDARD = gnu11;
				GCC_NO_COMMON_BLOCKS = YES;
				GCC_WARN_64_TO_32_BIT_CONVERSION = YES;
				GCC_WARN_ABOUT_RETURN_TYPE = YES_ERROR;
				GCC_WARN_UNDECLARED_SELECTOR = YES;
				GCC_WARN_UNINITIALIZED_AUTOS = YES_AGGRESSIVE;
				GCC_WARN_UNUSED_FUNCTION = YES;
				GCC_WARN_UNUSED_VARIABLE = YES;
				MACOSX_DEPLOYMENT_TARGET = 10.15;
				MTL_ENABLE_DEBUG_INFO = NO;
				MTL_FAST_MATH = YES;
				SDKROOT = macosx;
			};
			name = Release;
		};
		D89BF43D24EBD2D10031F58A /* Debug */ = {
			isa = XCBuildConfiguration;
			buildSettings = {
				CODE_SIGN_STYLE = Automatic;
				PRODUCT_NAME = "$(TARGET_NAME)";
			};
			name = Debug;
		};
		D89BF43E24EBD2D10031F58A /* Release */ = {
			isa = XCBuildConfiguration;
			buildSettings = {
				CODE_SIGN_STYLE = Automatic;
				PRODUCT_NAME = "$(TARGET_NAME)";
			};
			name = Release;
		};
		D89BF44824EBDC740031F58A /* Debug */ = {
			isa = XCBuildConfiguration;
			buildSettings = {
				CODE_SIGN_STYLE = Automatic;
				PRODUCT_NAME = "$(TARGET_NAME)";
			};
			name = Debug;
		};
		D89BF44924EBDC740031F58A /* Release */ = {
			isa = XCBuildConfiguration;
			buildSettings = {
				CODE_SIGN_STYLE = Automatic;
				PRODUCT_NAME = "$(TARGET_NAME)";
			};
			name = Release;
		};
/* End XCBuildConfiguration section */

/* Begin XCConfigurationList section */
		D89BF43024EBD2D10031F58A /* Build configuration list for PBXProject "Kalman Filters Implementation" */ = {
			isa = XCConfigurationList;
			buildConfigurations = (
				D89BF43A24EBD2D10031F58A /* Debug */,
				D89BF43B24EBD2D10031F58A /* Release */,
			);
			defaultConfigurationIsVisible = 0;
			defaultConfigurationName = Release;
		};
		D89BF43C24EBD2D10031F58A /* Build configuration list for PBXNativeTarget "Kalman Filters Implementation" */ = {
			isa = XCConfigurationList;
			buildConfigurations = (
				D89BF43D24EBD2D10031F58A /* Debug */,
				D89BF43E24EBD2D10031F58A /* Release */,
			);
			defaultConfigurationIsVisible = 0;
			defaultConfigurationName = Release;
		};
		D89BF44724EBDC740031F58A /* Build configuration list for PBXNativeTarget "1D Kalman Filter" */ = {
			isa = XCConfigurationList;
			buildConfigurations = (
				D89BF44824EBDC740031F58A /* Debug */,
				D89BF44924EBDC740031F58A /* Release */,
			);
			defaultConfigurationIsVisible = 0;
			defaultConfigurationName = Release;
		};
/* End XCConfigurationList section */
	};
	rootObject = D89BF42D24EBD2D10031F58A /* Project object */;
}
